// !$*UTF8*$!
{
	archiveVersion = 1;
	classes = {
	};
	objectVersion = 46;
	objects = {

/* Begin PBXBuildFile section */
		126C2D4E1EE6D93A009A2C5F /* main.m in Sources */ = {isa = PBXBuildFile; fileRef = 126C2D4D1EE6D93A009A2C5F /* main.m */; };
		126C2D511EE6D93A009A2C5F /* AppDelegate.m in Sources */ = {isa = PBXBuildFile; fileRef = 126C2D501EE6D93A009A2C5F /* AppDelegate.m */; };
		126C2D541EE6D93A009A2C5F /* ViewController.m in Sources */ = {isa = PBXBuildFile; fileRef = 126C2D531EE6D93A009A2C5F /* ViewController.m */; };
		126C2D571EE6D93A009A2C5F /* Main.storyboard in Resources */ = {isa = PBXBuildFile; fileRef = 126C2D551EE6D93A009A2C5F /* Main.storyboard */; };
		126C2D5A1EE6D93A009A2C5F /* ____.xcdatamodeld in Sources */ = {isa = PBXBuildFile; fileRef = 126C2D581EE6D93A009A2C5F /* ____.xcdatamodeld */; };
		126C2D5C1EE6D93A009A2C5F /* Assets.xcassets in Resources */ = {isa = PBXBuildFile; fileRef = 126C2D5B1EE6D93A009A2C5F /* Assets.xcassets */; };
		126C2D5F1EE6D93A009A2C5F /* LaunchScreen.storyboard in Resources */ = {isa = PBXBuildFile; fileRef = 126C2D5D1EE6D93A009A2C5F /* LaunchScreen.storyboard */; };
		126C2D6A1EE6D93A009A2C5F /* ____UITests.m in Sources */ = {isa = PBXBuildFile; fileRef = 126C2D691EE6D93A009A2C5F /* ____UITests.m */; };
		126C2D751EE6F2ED009A2C5F /* ZYCKeyboardTool.xib in Resources */ = {isa = PBXBuildFile; fileRef = 126C2D741EE6F2ED009A2C5F /* ZYCKeyboardTool.xib */; };
/* End PBXBuildFile section */

/* Begin PBXContainerItemProxy section */
		126C2D661EE6D93A009A2C5F /* PBXContainerItemProxy */ = {
			isa = PBXContainerItemProxy;
			containerPortal = 126C2D411EE6D93A009A2C5F /* Project object */;
			proxyType = 1;
			remoteGlobalIDString = 126C2D481EE6D93A009A2C5F;
			remoteInfo = "键盘处理";
		};
/* End PBXContainerItemProxy section */

/* Begin PBXFileReference section */
		126C2D491EE6D93A009A2C5F /* 键盘处理.app */ = {isa = PBXFileReference; explicitFileType = wrapper.application; includeInIndex = 0; path = "键盘处理.app"; sourceTree = BUILT_PRODUCTS_DIR; };
		126C2D4D1EE6D93A009A2C5F /* main.m */ = {isa = PBXFileReference; lastKnownFileType = sourcecode.c.objc; path = main.m; sourceTree = "<group>"; };
		126C2D4F1EE6D93A009A2C5F /* AppDelegate.h */ = {isa = PBXFileReference; lastKnownFileType = sourcecode.c.h; path = AppDelegate.h; sourceTree = "<group>"; };
		126C2D501EE6D93A009A2C5F /* AppDelegate.m */ = {isa = PBXFileReference; lastKnownFileType = sourcecode.c.objc; path = AppDelegate.m; sourceTree = "<group>"; };
		126C2D521EE6D93A009A2C5F /* ViewController.h */ = {isa = PBXFileReference; lastKnownFileType = sourcecode.c.h; path = ViewController.h; sourceTree = "<group>"; };
		126C2D531EE6D93A009A2C5F /* ViewController.m */ = {isa = PBXFileReference; lastKnownFileType = sourcecode.c.objc; path = ViewController.m; sourceTree = "<group>"; };
		126C2D561EE6D93A009A2C5F /* Base */ = {isa = PBXFileReference; lastKnownFileType = file.storyboard; name = Base; path = Base.lproj/Main.storyboard; sourceTree = "<group>"; };
		126C2D591EE6D93A009A2C5F /* ____.xcdatamodel */ = {isa = PBXFileReference; lastKnownFileType = wrapper.xcdatamodel; path = "____.xcdatamodel"; sourceTree = "<group>"; };
		126C2D5B1EE6D93A009A2C5F /* Assets.xcassets */ = {isa = PBXFileReference; lastKnownFileType = folder.assetcatalog; path = Assets.xcassets; sourceTree = "<group>"; };
		126C2D5E1EE6D93A009A2C5F /* Base */ = {isa = PBXFileReference; lastKnownFileType = file.storyboard; name = Base; path = Base.lproj/LaunchScreen.storyboard; sourceTree = "<group>"; };
		126C2D601EE6D93A009A2C5F /* Info.plist */ = {isa = PBXFileReference; lastKnownFileType = text.plist.xml; path = Info.plist; sourceTree = "<group>"; };
		126C2D651EE6D93A009A2C5F /* 键盘处理UITests.xctest */ = {isa = PBXFileReference; explicitFileType = wrapper.cfbundle; includeInIndex = 0; path = "键盘处理UITests.xctest"; sourceTree = BUILT_PRODUCTS_DIR; };
		126C2D691EE6D93A009A2C5F /* ____UITests.m */ = {isa = PBXFileReference; lastKnownFileType = sourcecode.c.objc; path = "____UITests.m"; sourceTree = "<group>"; };
		126C2D6B1EE6D93A009A2C5F /* Info.plist */ = {isa = PBXFileReference; lastKnownFileType = text.plist.xml; path = Info.plist; sourceTree = "<group>"; };
		126C2D741EE6F2ED009A2C5F /* ZYCKeyboardTool.xib */ = {isa = PBXFileReference; fileEncoding = 4; lastKnownFileType = file.xib; path = ZYCKeyboardTool.xib; sourceTree = "<group>"; };
/* End PBXFileReference section */

/* Begin PBXFrameworksBuildPhase section */
		126C2D461EE6D93A009A2C5F /* Frameworks */ = {
			isa = PBXFrameworksBuildPhase;
			buildActionMask = 2147483647;
			files = (
			);
			runOnlyForDeploymentPostprocessing = 0;
		};
		126C2D621EE6D93A009A2C5F /* Frameworks */ = {
			isa = PBXFrameworksBuildPhase;
			buildActionMask = 2147483647;
			files = (
			);
			runOnlyForDeploymentPostprocessing = 0;
		};
/* End PBXFrameworksBuildPhase section */

/* Begin PBXGroup section */
		126C2D401EE6D93A009A2C5F = {
			isa = PBXGroup;
			children = (
				126C2D4B1EE6D93A009A2C5F /* 键盘处理 */,
				126C2D681EE6D93A009A2C5F /* 键盘处理UITests */,
				126C2D4A1EE6D93A009A2C5F /* Products */,
			);
			sourceTree = "<group>";
		};
		126C2D4A1EE6D93A009A2C5F /* Products */ = {
			isa = PBXGroup;
			children = (
				126C2D491EE6D93A009A2C5F /* 键盘处理.app */,
				126C2D651EE6D93A009A2C5F /* 键盘处理UITests.xctest */,
			);
			name = Products;
			sourceTree = "<group>";
		};
		126C2D4B1EE6D93A009A2C5F /* 键盘处理 */ = {
			isa = PBXGroup;
			children = (
				126C2D4F1EE6D93A009A2C5F /* AppDelegate.h */,
				126C2D501EE6D93A009A2C5F /* AppDelegate.m */,
				126C2D521EE6D93A009A2C5F /* ViewController.h */,
				126C2D531EE6D93A009A2C5F /* ViewController.m */,
				126C2D551EE6D93A009A2C5F /* Main.storyboard */,
				126C2D741EE6F2ED009A2C5F /* ZYCKeyboardTool.xib */,
				126C2D5B1EE6D93A009A2C5F /* Assets.xcassets */,
				126C2D5D1EE6D93A009A2C5F /* LaunchScreen.storyboard */,
				126C2D601EE6D93A009A2C5F /* Info.plist */,
				126C2D581EE6D93A009A2C5F /* ____.xcdatamodeld */,
				126C2D4C1EE6D93A009A2C5F /* Supporting Files */,
			);
			path = "键盘处理";
			sourceTree = "<group>";
		};
		126C2D4C1EE6D93A009A2C5F /* Supporting Files */ = {
			isa = PBXGroup;
			children = (
				126C2D4D1EE6D93A009A2C5F /* main.m */,
			);
			name = "Supporting Files";
			sourceTree = "<group>";
		};
		126C2D681EE6D93A009A2C5F /* 键盘处理UITests */ = {
			isa = PBXGroup;
			children = (
				126C2D691EE6D93A009A2C5F /* ____UITests.m */,
				126C2D6B1EE6D93A009A2C5F /* Info.plist */,
			);
			path = "键盘处理UITests";
			sourceTree = "<group>";
		};
/* End PBXGroup section */

/* Begin PBXNativeTarget section */
		126C2D481EE6D93A009A2C5F /* 键盘处理 */ = {
			isa = PBXNativeTarget;
			buildConfigurationList = 126C2D6E1EE6D93A009A2C5F /* Build configuration list for PBXNativeTarget "键盘处理" */;
			buildPhases = (
				126C2D451EE6D93A009A2C5F /* Sources */,
				126C2D461EE6D93A009A2C5F /* Frameworks */,
				126C2D471EE6D93A009A2C5F /* Resources */,
			);
			buildRules = (
			);
			dependencies = (
			);
			name = "键盘处理";
			productName = "键盘处理";
			productReference = 126C2D491EE6D93A009A2C5F /* 键盘处理.app */;
			productType = "com.apple.product-type.application";
		};
		126C2D641EE6D93A009A2C5F /* 键盘处理UITests */ = {
			isa = PBXNativeTarget;
			buildConfigurationList = 126C2D711EE6D93A009A2C5F /* Build configuration list for PBXNativeTarget "键盘处理UITests" */;
			buildPhases = (
				126C2D611EE6D93A009A2C5F /* Sources */,
				126C2D621EE6D93A009A2C5F /* Frameworks */,
				126C2D631EE6D93A009A2C5F /* Resources */,
			);
			buildRules = (
			);
			dependencies = (
				126C2D671EE6D93A009A2C5F /* PBXTargetDependency */,
			);
			name = "键盘处理UITests";
			productName = "键盘处理UITests";
			productReference = 126C2D651EE6D93A009A2C5F /* 键盘处理UITests.xctest */;
			productType = "com.apple.product-type.bundle.ui-testing";
		};
/* End PBXNativeTarget section */

/* Begin PBXProject section */
		126C2D411EE6D93A009A2C5F /* Project object */ = {
			isa = PBXProject;
			attributes = {
				LastUpgradeCheck = 0830;
				ORGANIZATIONNAME = wpzyc;
				TargetAttributes = {
					126C2D481EE6D93A009A2C5F = {
						CreatedOnToolsVersion = 8.3.1;
						ProvisioningStyle = Automatic;
					};
					126C2D641EE6D93A009A2C5F = {
						CreatedOnToolsVersion = 8.3.1;
						ProvisioningStyle = Automatic;
						TestTargetID = 126C2D481EE6D93A009A2C5F;
					};
				};
			};
			buildConfigurationList = 126C2D441EE6D93A009A2C5F /* Build configuration list for PBXProject "键盘处理" */;
			compatibilityVersion = "Xcode 3.2";
			developmentRegion = English;
			hasScannedForEncodings = 0;
			knownRegions = (
				en,
				Base,
			);
			mainGroup = 126C2D401EE6D93A009A2C5F;
			productRefGroup = 126C2D4A1EE6D93A009A2C5F /* Products */;
			projectDirPath = "";
			projectRoot = "";
			targets = (
				126C2D481EE6D93A009A2C5F /* 键盘处理 */,
				126C2D641EE6D93A009A2C5F /* 键盘处理UITests */,
			);
		};
/* End PBXProject section */

/* Begin PBXResourcesBuildPhase section */
		126C2D471EE6D93A009A2C5F /* Resources */ = {
			isa = PBXResourcesBuildPhase;
			buildActionMask = 2147483647;
			files = (
				126C2D5F1EE6D93A009A2C5F /* LaunchScreen.storyboard in Resources */,
				126C2D751EE6F2ED009A2C5F /* ZYCKeyboardTool.xib in Resources */,
				126C2D5C1EE6D93A009A2C5F /* Assets.xcassets in Resources */,
				126C2D571EE6D93A009A2C5F /* Main.storyboard in Resources */,
			);
			runOnlyForDeploymentPostprocessing = 0;
		};
		126C2D631EE6D93A009A2C5F /* Resources */ = {
			isa = PBXResourcesBuildPhase;
			buildActionMask = 2147483647;
			files = (
			);
			runOnlyForDeploymentPostprocessing = 0;
		};
/* End PBXResourcesBuildPhase section */

/* Begin PBXSourcesBuildPhase section */
		126C2D451EE6D93A009A2C5F /* Sources */ = {
			isa = PBXSourcesBuildPhase;
			buildActionMask = 2147483647;
			files = (
				126C2D541EE6D93A009A2C5F /* ViewController.m in Sources */,
				126C2D5A1EE6D93A009A2C5F /* ____.xcdatamodeld in Sources */,
				126C2D511EE6D93A009A2C5F /* AppDelegate.m in Sources */,
				126C2D4E1EE6D93A009A2C5F /* main.m in Sources */,
			);
			runOnlyForDeploymentPostprocessing = 0;
		};
		126C2D611EE6D93A009A2C5F /* Sources */ = {
			isa = PBXSourcesBuildPhase;
			buildActionMask = 2147483647;
			files = (
				126C2D6A1EE6D93A009A2C5F /* ____UITests.m in Sources */,
			);
			runOnlyForDeploymentPostprocessing = 0;
		};
/* End PBXSourcesBuildPhase section */

/* Begin PBXTargetDependency section */
		126C2D671EE6D93A009A2C5F /* PBXTargetDependency */ = {
			isa = PBXTargetDependency;
			target = 126C2D481EE6D93A009A2C5F /* 键盘处理 */;
			targetProxy = 126C2D661EE6D93A009A2C5F /* PBXContainerItemProxy */;
		};
/* End PBXTargetDependency section */

/* Begin PBXVariantGroup section */
		126C2D551EE6D93A009A2C5F /* Main.storyboard */ = {
			isa = PBXVariantGroup;
			children = (
				126C2D561EE6D93A009A2C5F /* Base */,
			);
			name = Main.storyboard;
			sourceTree = "<group>";
		};
		126C2D5D1EE6D93A009A2C5F /* LaunchScreen.storyboard */ = {
			isa = PBXVariantGroup;
			children = (
				126C2D5E1EE6D93A009A2C5F /* Base */,
			);
			name = LaunchScreen.storyboard;
			sourceTree = "<group>";
		};
/* End PBXVariantGroup section */

/* Begin XCBuildConfiguration section */
		126C2D6C1EE6D93A009A2C5F /* Debug */ = {
			isa = XCBuildConfiguration;
			buildSettings = {
				ALWAYS_SEARCH_USER_PATHS = NO;
				CLANG_ANALYZER_NONNULL = YES;
				CLANG_ANALYZER_NUMBER_OBJECT_CONVERSION = YES_AGGRESSIVE;
				CLANG_CXX_LANGUAGE_STANDARD = "gnu++0x";
				CLANG_CXX_LIBRARY = "libc++";
				CLANG_ENABLE_MODULES = YES;
				CLANG_ENABLE_OBJC_ARC = YES;
				CLANG_WARN_BOOL_CONVERSION = YES;
				CLANG_WARN_CONSTANT_CONVERSION = YES;
				CLANG_WARN_DIRECT_OBJC_ISA_USAGE = YES_ERROR;
				CLANG_WARN_DOCUMENTATION_COMMENTS = YES;
				CLANG_WARN_EMPTY_BODY = YES;
				CLANG_WARN_ENUM_CONVERSION = YES;
				CLANG_WARN_INFINITE_RECURSION = YES;
				CLANG_WARN_INT_CONVERSION = YES;
				CLANG_WARN_OBJC_ROOT_CLASS = YES_ERROR;
				CLANG_WARN_SUSPICIOUS_MOVE = YES;
				CLANG_WARN_UNREACHABLE_CODE = YES;
				CLANG_WARN__DUPLICATE_METHOD_MATCH = YES;
				"CODE_SIGN_IDENTITY[sdk=iphoneos*]" = "iPhone Developer";
				COPY_PHASE_STRIP = NO;
				DEBUG_INFORMATION_FORMAT = dwarf;
				ENABLE_STRICT_OBJC_MSGSEND = YES;
				ENABLE_TESTABILITY = YES;
				GCC_C_LANGUAGE_STANDARD = gnu99;
				GCC_DYNAMIC_NO_PIC = NO;
				GCC_NO_COMMON_BLOCKS = YES;
				GCC_OPTIMIZATION_LEVEL = 0;
				GCC_PREPROCESSOR_DEFINITIONS = (
					"DEBUG=1",
					"$(inherited)",
				);
				GCC_WARN_64_TO_32_BIT_CONVERSION = YES;
				GCC_WARN_ABOUT_RETURN_TYPE = YES_ERROR;
				GCC_WARN_UNDECLARED_SELECTOR = YES;
				GCC_WARN_UNINITIALIZED_AUTOS = YES_AGGRESSIVE;
				GCC_WARN_UNUSED_FUNCTION = YES;
				GCC_WARN_UNUSED_VARIABLE = YES;
				IPHONEOS_DEPLOYMENT_TARGET = 10.3;
				MTL_ENABLE_DEBUG_INFO = YES;
				ONLY_ACTIVE_ARCH = YES;
				SDKROOT = iphoneos;
			};
			name = Debug;
		};
		126C2D6D1EE6D93A009A2C5F /* Release */ = {
			isa = XCBuildConfiguration;
			buildSettings = {
				ALWAYS_SEARCH_USER_PATHS = NO;
				CLANG_ANALYZER_NONNULL = YES;
				CLANG_ANALYZER_NUMBER_OBJECT_CONVERSION = YES_AGGRESSIVE;
				CLANG_CXX_LANGUAGE_STANDARD = "gnu++0x";
				CLANG_CXX_LIBRARY = "libc++";
				CLANG_ENABLE_MODULES = YES;
				CLANG_ENABLE_OBJC_ARC = YES;
				CLANG_WARN_BOOL_CONVERSION = YES;
				CLANG_WARN_CONSTANT_CONVERSION = YES;
				CLANG_WARN_DIRECT_OBJC_ISA_USAGE = YES_ERROR;
				CLANG_WARN_DOCUMENTATION_COMMENTS = YES;
				CLANG_WARN_EMPTY_BODY = YES;
				CLANG_WARN_ENUM_CONVERSION = YES;
				CLANG_WARN_INFINITE_RECURSION = YES;
				CLANG_WARN_INT_CONVERSION = YES;
				CLANG_WARN_OBJC_ROOT_CLASS = YES_ERROR;
				CLANG_WARN_SUSPICIOUS_MOVE = YES;
				CLANG_WARN_UNREACHABLE_CODE = YES;
				CLANG_WARN__DUPLICATE_METHOD_MATCH = YES;
				"CODE_SIGN_IDENTITY[sdk=iphoneos*]" = "iPhone Developer";
				COPY_PHASE_STRIP = NO;
				DEBUG_INFORMATION_FORMAT = "dwarf-with-dsym";
				ENABLE_NS_ASSERTIONS = NO;
				ENABLE_STRICT_OBJC_MSGSEND = YES;
				GCC_C_LANGUAGE_STANDARD = gnu99;
				GCC_NO_COMMON_BLOCKS = YES;
				GCC_WARN_64_TO_32_BIT_CONVERSION = YES;
				GCC_WARN_ABOUT_RETURN_TYPE = YES_ERROR;
				GCC_WARN_UNDECLARED_SELECTOR = YES;
				GCC_WARN_UNINITIALIZED_AUTOS = YES_AGGRESSIVE;
				GCC_WARN_UNUSED_FUNCTION = YES;
				GCC_WARN_UNUSED_VARIABLE = YES;
				IPHONEOS_DEPLOYMENT_TARGET = 10.3;
				MTL_ENABLE_DEBUG_INFO = NO;
				SDKROOT = iphoneos;
				VALIDATE_PRODUCT = YES;
			};
			name = Release;
		};
		126C2D6F1EE6D93A009A2C5F /* Debug */ = {
			isa = XCBuildConfiguration;
			buildSettings = {
				ASSETCATALOG_COMPILER_APPICON_NAME = AppIcon;
				INFOPLIST_FILE = "键盘处理/Info.plist";
				LD_RUNPATH_SEARCH_PATHS = "$(inherited) @executable_path/Frameworks";
				PRODUCT_BUNDLE_IDENTIFIER = "com.wpzyc.----";
				PRODUCT_NAME = "$(TARGET_NAME)";
			};
			name = Debug;
		};
		126C2D701EE6D93A009A2C5F /* Release */ = {
			isa = XCBuildConfiguration;
			buildSettings = {
				ASSETCATALOG_COMPILER_APPICON_NAME = AppIcon;
				INFOPLIST_FILE = "键盘处理/Info.plist";
				LD_RUNPATH_SEARCH_PATHS = "$(inherited) @executable_path/Frameworks";
				PRODUCT_BUNDLE_IDENTIFIER = "com.wpzyc.----";
				PRODUCT_NAME = "$(TARGET_NAME)";
			};
			name = Release;
		};
		126C2D721EE6D93A009A2C5F /* Debug */ = {
			isa = XCBuildConfiguration;
			buildSettings = {
				INFOPLIST_FILE = "键盘处理UITests/Info.plist";
				LD_RUNPATH_SEARCH_PATHS = "$(inherited) @executable_path/Frameworks @loader_path/Frameworks";
				PRODUCT_BUNDLE_IDENTIFIER = "com.wpzyc.----UITests";
				PRODUCT_NAME = "$(TARGET_NAME)";
				TEST_TARGET_NAME = "键盘处理";
			};
			name = Debug;
		};
		126C2D731EE6D93A009A2C5F /* Release */ = {
			isa = XCBuildConfiguration;
			buildSettings = {
				INFOPLIST_FILE = "键盘处理UITests/Info.plist";
				LD_RUNPATH_SEARCH_PATHS = "$(inherited) @executable_path/Frameworks @loader_path/Frameworks";
				PRODUCT_BUNDLE_IDENTIFIER = "com.wpzyc.----UITests";
				PRODUCT_NAME = "$(TARGET_NAME)";
				TEST_TARGET_NAME = "键盘处理";
			};
			name = Release;
		};
/* End XCBuildConfiguration section */

/* Begin XCConfigurationList section */
		126C2D441EE6D93A009A2C5F /* Build configuration list for PBXProject "键盘处理" */ = {
			isa = XCConfigurationList;
			buildConfigurations = (
				126C2D6C1EE6D93A009A2C5F /* Debug */,
				126C2D6D1EE6D93A009A2C5F /* Release */,
			);
			defaultConfigurationIsVisible = 0;
			defaultConfigurationName = Release;
		};
		126C2D6E1EE6D93A009A2C5F /* Build configuration list for PBXNativeTarget "键盘处理" */ = {
			isa = XCConfigurationList;
			buildConfigurations = (
				126C2D6F1EE6D93A009A2C5F /* Debug */,
				126C2D701EE6D93A009A2C5F /* Release */,
			);
			defaultConfigurationIsVisible = 0;
		};
		126C2D711EE6D93A009A2C5F /* Build configuration list for PBXNativeTarget "键盘处理UITests" */ = {
			isa = XCConfigurationList;
			buildConfigurations = (
				126C2D721EE6D93A009A2C5F /* Debug */,
				126C2D731EE6D93A009A2C5F /* Release */,
			);
			defaultConfigurationIsVisible = 0;
		};
/* End XCConfigurationList section */

/* Begin XCVersionGroup section */
		126C2D581EE6D93A009A2C5F /* ____.xcdatamodeld */ = {
			isa = XCVersionGroup;
			children = (
				126C2D591EE6D93A009A2C5F /* ____.xcdatamodel */,
			);
			currentVersion = 126C2D591EE6D93A009A2C5F /* ____.xcdatamodel */;
			path = "____.xcdatamodeld";
			sourceTree = "<group>";
			versionGroupType = wrapper.xcdatamodel;
		};
/* End XCVersionGroup section */
	};
	rootObject = 126C2D411EE6D93A009A2C5F /* Project object */;
}
